// !$*UTF8*$!
{
	archiveVersion = 1;
	classes = {
	};
	objectVersion = 46;
	objects = {

/* Begin PBXBuildFile section */
		D49ABDA219D1BB8A0092BFB7 /* Settings.m in Sources */ = {isa = PBXBuildFile; fileRef = D49ABDA119D1BB8A0092BFB7 /* Settings.m */; };
		DE736F69B2D39B7E206C77B5 /* libPods-PushSample.a in Frameworks */ = {isa = PBXBuildFile; fileRef = 3DA996CD3086668CAC5A5156 /* libPods-PushSample.a */; };
		E7226B5F1987F61C00ABD0E5 /* Main_iPhone.storyboard in Resources */ = {isa = PBXBuildFile; fileRef = E7226B5E1987F61C00ABD0E5 /* Main_iPhone.storyboard */; };
		F10D7C461BB9E0CE00506B25 /* CoreLocation.framework in Frameworks */ = {isa = PBXBuildFile; fileRef = F1CF4FC91BB4765B00F147FF /* CoreLocation.framework */; };
		F10D7C731BBAED3D00506B25 /* PCFPush.framework in Embed Frameworks */ = {isa = PBXBuildFile; fileRef = F10D7C701BBAED3700506B25 /* PCFPush.framework */; settings = {ATTRIBUTES = (CodeSignOnCopy, RemoveHeadersOnCopy, ); }; };
		F1103A7C1B13C04100C5420D /* GeofenceOverlay.m in Sources */ = {isa = PBXBuildFile; fileRef = F1103A7B1B13C04100C5420D /* GeofenceOverlay.m */; };
		F114D27D190958030008BE3C /* Pivotal.plist in Resources */ = {isa = PBXBuildFile; fileRef = F114D27C190958030008BE3C /* Pivotal.plist */; };
		F12C79C91AF2732C00556DAE /* MapViewController.m in Sources */ = {isa = PBXBuildFile; fileRef = F12C79C81AF2732C00556DAE /* MapViewController.m */; };
		F12C79CB1AF2739B00556DAE /* MapKit.framework in Frameworks */ = {isa = PBXBuildFile; fileRef = F12C79CA1AF2739B00556DAE /* MapKit.framework */; };
		F15D06231BB2F700002D181F /* AppDelegate.swift in Sources */ = {isa = PBXBuildFile; fileRef = F15D06221BB2F700002D181F /* AppDelegate.swift */; };
		F15D06251BB2F700002D181F /* ViewController.swift in Sources */ = {isa = PBXBuildFile; fileRef = F15D06241BB2F700002D181F /* ViewController.swift */; };
		F15D06281BB2F700002D181F /* Main.storyboard in Resources */ = {isa = PBXBuildFile; fileRef = F15D06261BB2F700002D181F /* Main.storyboard */; };
		F15D062D1BB2F700002D181F /* LaunchScreen.storyboard in Resources */ = {isa = PBXBuildFile; fileRef = F15D062B1BB2F700002D181F /* LaunchScreen.storyboard */; };
		F1CF4FC81BB3371800F147FF /* Pivotal.plist in Resources */ = {isa = PBXBuildFile; fileRef = F1CF4FC71BB3371800F147FF /* Pivotal.plist */; };
		F1CF4FCB1BB5981700F147FF /* Images.xcassets in Resources */ = {isa = PBXBuildFile; fileRef = F1FDE1BF18D7806B009EBE38 /* Images.xcassets */; };
		F1FDE1B218D7806B009EBE38 /* InfoPlist.strings in Resources */ = {isa = PBXBuildFile; fileRef = F1FDE1B018D7806B009EBE38 /* InfoPlist.strings */; };
		F1FDE1B418D7806B009EBE38 /* main.m in Sources */ = {isa = PBXBuildFile; fileRef = F1FDE1B318D7806B009EBE38 /* main.m */; };
		F1FDE1B818D7806B009EBE38 /* AppDelegate.m in Sources */ = {isa = PBXBuildFile; fileRef = F1FDE1B718D7806B009EBE38 /* AppDelegate.m */; };
		F1FDE1C018D7806B009EBE38 /* Images.xcassets in Resources */ = {isa = PBXBuildFile; fileRef = F1FDE1BF18D7806B009EBE38 /* Images.xcassets */; };
		F1FDE1EF18D78115009EBE38 /* LogItem.m in Sources */ = {isa = PBXBuildFile; fileRef = F1FDE1DF18D78115009EBE38 /* LogItem.m */; };
		F1FDE1F018D78115009EBE38 /* BackEndMessageRequest.m in Sources */ = {isa = PBXBuildFile; fileRef = F1FDE1E218D78115009EBE38 /* BackEndMessageRequest.m */; };
		F1FDE1F218D78115009EBE38 /* LogTableViewController.m in Sources */ = {isa = PBXBuildFile; fileRef = F1FDE1E818D78115009EBE38 /* LogTableViewController.m */; };
		F1FDE1F418D78115009EBE38 /* LogItemCell.m in Sources */ = {isa = PBXBuildFile; fileRef = F1FDE1ED18D78115009EBE38 /* LogItemCell.m */; };
		F1FDE1F518D78115009EBE38 /* LogItemCell.xib in Resources */ = {isa = PBXBuildFile; fileRef = F1FDE1EE18D78115009EBE38 /* LogItemCell.xib */; };
/* End PBXBuildFile section */

/* Begin PBXCopyFilesBuildPhase section */
		F10D7C4B1BB9E0EB00506B25 /* Embed Frameworks */ = {
			isa = PBXCopyFilesBuildPhase;
			buildActionMask = 2147483647;
			dstPath = "";
			dstSubfolderSpec = 10;
			files = (
				F10D7C731BBAED3D00506B25 /* PCFPush.framework in Embed Frameworks */,
			);
			name = "Embed Frameworks";
			runOnlyForDeploymentPostprocessing = 0;
		};
/* End PBXCopyFilesBuildPhase section */

/* Begin PBXFileReference section */
		3DA996CD3086668CAC5A5156 /* libPods-PushSample.a */ = {isa = PBXFileReference; explicitFileType = archive.ar; includeInIndex = 0; path = "libPods-PushSample.a"; sourceTree = BUILT_PRODUCTS_DIR; };
		5DC1131F1DBFE4F400982F94 /* SwiftPushSample.entitlements */ = {isa = PBXFileReference; lastKnownFileType = text.plist.entitlements; path = SwiftPushSample.entitlements; sourceTree = "<group>"; };
		AD998C54C4C13EEF9FBC9AD4 /* Pods-PushSample.debug.xcconfig */ = {isa = PBXFileReference; includeInIndex = 1; lastKnownFileType = text.xcconfig; name = "Pods-PushSample.debug.xcconfig"; path = "Pods/Target Support Files/Pods-PushSample/Pods-PushSample.debug.xcconfig"; sourceTree = "<group>"; };
		D49ABDA019D1BB8A0092BFB7 /* Settings.h */ = {isa = PBXFileReference; fileEncoding = 4; lastKnownFileType = sourcecode.c.h; name = Settings.h; path = Settings/Settings.h; sourceTree = "<group>"; };
		D49ABDA119D1BB8A0092BFB7 /* Settings.m */ = {isa = PBXFileReference; fileEncoding = 4; lastKnownFileType = sourcecode.c.objc; name = Settings.m; path = Settings/Settings.m; sourceTree = "<group>"; };
		E7226B5E1987F61C00ABD0E5 /* Main_iPhone.storyboard */ = {isa = PBXFileReference; fileEncoding = 4; lastKnownFileType = file.storyboard; path = Main_iPhone.storyboard; sourceTree = "<group>"; };
		EBC1736E7F9A58A5219AEAD1 /* Pods-PushSample.release.xcconfig */ = {isa = PBXFileReference; includeInIndex = 1; lastKnownFileType = text.xcconfig; name = "Pods-PushSample.release.xcconfig"; path = "Pods/Target Support Files/Pods-PushSample/Pods-PushSample.release.xcconfig"; sourceTree = "<group>"; };
		F10D7C701BBAED3700506B25 /* PCFPush.framework */ = {isa = PBXFileReference; lastKnownFileType = wrapper.framework; path = PCFPush.framework; sourceTree = "<group>"; };
		F1103A7A1B13C04100C5420D /* GeofenceOverlay.h */ = {isa = PBXFileReference; fileEncoding = 4; lastKnownFileType = sourcecode.c.h; path = GeofenceOverlay.h; sourceTree = "<group>"; };
		F1103A7B1B13C04100C5420D /* GeofenceOverlay.m */ = {isa = PBXFileReference; fileEncoding = 4; lastKnownFileType = sourcecode.c.objc; path = GeofenceOverlay.m; sourceTree = "<group>"; };
		F114D27C190958030008BE3C /* Pivotal.plist */ = {isa = PBXFileReference; fileEncoding = 4; lastKnownFileType = text.plist.xml; path = Pivotal.plist; sourceTree = "<group>"; };
		F12C79C71AF2732C00556DAE /* MapViewController.h */ = {isa = PBXFileReference; fileEncoding = 4; lastKnownFileType = sourcecode.c.h; path = MapViewController.h; sourceTree = "<group>"; };
		F12C79C81AF2732C00556DAE /* MapViewController.m */ = {isa = PBXFileReference; fileEncoding = 4; lastKnownFileType = sourcecode.c.objc; path = MapViewController.m; sourceTree = "<group>"; };
		F12C79CA1AF2739B00556DAE /* MapKit.framework */ = {isa = PBXFileReference; lastKnownFileType = wrapper.framework; name = MapKit.framework; path = System/Library/Frameworks/MapKit.framework; sourceTree = SDKROOT; };
		F15D06201BB2F6FF002D181F /* SwiftPushSample.app */ = {isa = PBXFileReference; explicitFileType = wrapper.application; includeInIndex = 0; path = SwiftPushSample.app; sourceTree = BUILT_PRODUCTS_DIR; };
		F15D06221BB2F700002D181F /* AppDelegate.swift */ = {isa = PBXFileReference; lastKnownFileType = sourcecode.swift; path = AppDelegate.swift; sourceTree = "<group>"; };
		F15D06241BB2F700002D181F /* ViewController.swift */ = {isa = PBXFileReference; lastKnownFileType = sourcecode.swift; path = ViewController.swift; sourceTree = "<group>"; };
		F15D06271BB2F700002D181F /* Base */ = {isa = PBXFileReference; lastKnownFileType = file.storyboard; name = Base; path = Base.lproj/Main.storyboard; sourceTree = "<group>"; };
		F15D062C1BB2F700002D181F /* Base */ = {isa = PBXFileReference; lastKnownFileType = file.storyboard; name = Base; path = Base.lproj/LaunchScreen.storyboard; sourceTree = "<group>"; };
		F15D062E1BB2F700002D181F /* Info.plist */ = {isa = PBXFileReference; lastKnownFileType = text.plist.xml; path = Info.plist; sourceTree = "<group>"; };
		F1CF4FC71BB3371800F147FF /* Pivotal.plist */ = {isa = PBXFileReference; fileEncoding = 4; lastKnownFileType = text.plist.xml; path = Pivotal.plist; sourceTree = "<group>"; };
		F1CF4FC91BB4765B00F147FF /* CoreLocation.framework */ = {isa = PBXFileReference; lastKnownFileType = wrapper.framework; name = CoreLocation.framework; path = System/Library/Frameworks/CoreLocation.framework; sourceTree = SDKROOT; };
		F1FDE1A418D7806B009EBE38 /* PushSample.app */ = {isa = PBXFileReference; explicitFileType = wrapper.application; includeInIndex = 0; path = PushSample.app; sourceTree = BUILT_PRODUCTS_DIR; };
		F1FDE1AF18D7806B009EBE38 /* PushSample-Info.plist */ = {isa = PBXFileReference; lastKnownFileType = text.plist.xml; path = "PushSample-Info.plist"; sourceTree = "<group>"; };
		F1FDE1B118D7806B009EBE38 /* en */ = {isa = PBXFileReference; lastKnownFileType = text.plist.strings; name = en; path = en.lproj/InfoPlist.strings; sourceTree = "<group>"; };
		F1FDE1B318D7806B009EBE38 /* main.m */ = {isa = PBXFileReference; lastKnownFileType = sourcecode.c.objc; path = main.m; sourceTree = "<group>"; };
		F1FDE1B518D7806B009EBE38 /* PushSample-Prefix.pch */ = {isa = PBXFileReference; lastKnownFileType = sourcecode.c.h; path = "PushSample-Prefix.pch"; sourceTree = "<group>"; };
		F1FDE1B618D7806B009EBE38 /* AppDelegate.h */ = {isa = PBXFileReference; lastKnownFileType = sourcecode.c.h; path = AppDelegate.h; sourceTree = "<group>"; };
		F1FDE1B718D7806B009EBE38 /* AppDelegate.m */ = {isa = PBXFileReference; lastKnownFileType = sourcecode.c.objc; path = AppDelegate.m; sourceTree = "<group>"; };
		F1FDE1BF18D7806B009EBE38 /* Images.xcassets */ = {isa = PBXFileReference; lastKnownFileType = folder.assetcatalog; path = Images.xcassets; sourceTree = "<group>"; };
		F1FDE1DE18D78115009EBE38 /* LogItem.h */ = {isa = PBXFileReference; fileEncoding = 4; lastKnownFileType = sourcecode.c.h; path = LogItem.h; sourceTree = "<group>"; };
		F1FDE1DF18D78115009EBE38 /* LogItem.m */ = {isa = PBXFileReference; fileEncoding = 4; lastKnownFileType = sourcecode.c.objc; path = LogItem.m; sourceTree = "<group>"; };
		F1FDE1E118D78115009EBE38 /* BackEndMessageRequest.h */ = {isa = PBXFileReference; fileEncoding = 4; lastKnownFileType = sourcecode.c.h; path = BackEndMessageRequest.h; sourceTree = "<group>"; };
		F1FDE1E218D78115009EBE38 /* BackEndMessageRequest.m */ = {isa = PBXFileReference; fileEncoding = 4; lastKnownFileType = sourcecode.c.objc; path = BackEndMessageRequest.m; sourceTree = "<group>"; };
		F1FDE1E718D78115009EBE38 /* LogTableViewController.h */ = {isa = PBXFileReference; fileEncoding = 4; lastKnownFileType = sourcecode.c.h; path = LogTableViewController.h; sourceTree = "<group>"; };
		F1FDE1E818D78115009EBE38 /* LogTableViewController.m */ = {isa = PBXFileReference; fileEncoding = 4; lastKnownFileType = sourcecode.c.objc; path = LogTableViewController.m; sourceTree = "<group>"; };
		F1FDE1EC18D78115009EBE38 /* LogItemCell.h */ = {isa = PBXFileReference; fileEncoding = 4; lastKnownFileType = sourcecode.c.h; path = LogItemCell.h; sourceTree = "<group>"; };
		F1FDE1ED18D78115009EBE38 /* LogItemCell.m */ = {isa = PBXFileReference; fileEncoding = 4; lastKnownFileType = sourcecode.c.objc; path = LogItemCell.m; sourceTree = "<group>"; };
		F1FDE1EE18D78115009EBE38 /* LogItemCell.xib */ = {isa = PBXFileReference; fileEncoding = 4; lastKnownFileType = file.xib; path = LogItemCell.xib; sourceTree = "<group>"; };
/* End PBXFileReference section */

/* Begin PBXFrameworksBuildPhase section */
		F15D061D1BB2F6FF002D181F /* Frameworks */ = {
			isa = PBXFrameworksBuildPhase;
			buildActionMask = 2147483647;
			files = (
				F10D7C461BB9E0CE00506B25 /* CoreLocation.framework in Frameworks */,
			);
			runOnlyForDeploymentPostprocessing = 0;
		};
		F1FDE1A118D7806B009EBE38 /* Frameworks */ = {
			isa = PBXFrameworksBuildPhase;
			buildActionMask = 2147483647;
			files = (
				F12C79CB1AF2739B00556DAE /* MapKit.framework in Frameworks */,
				DE736F69B2D39B7E206C77B5 /* libPods-PushSample.a in Frameworks */,
			);
			runOnlyForDeploymentPostprocessing = 0;
		};
/* End PBXFrameworksBuildPhase section */

/* Begin PBXGroup section */
		6773DF5A92AB4D20BED68347 /* Frameworks */ = {
			isa = PBXGroup;
			children = (
				F1CF4FC91BB4765B00F147FF /* CoreLocation.framework */,
				F12C79CA1AF2739B00556DAE /* MapKit.framework */,
				3DA996CD3086668CAC5A5156 /* libPods-PushSample.a */,
			);
			name = Frameworks;
			sourceTree = "<group>";
		};
		D3CC86E7A62F74EB154352B3 /* Pods */ = {
			isa = PBXGroup;
			children = (
				AD998C54C4C13EEF9FBC9AD4 /* Pods-PushSample.debug.xcconfig */,
				EBC1736E7F9A58A5219AEAD1 /* Pods-PushSample.release.xcconfig */,
			);
			name = Pods;
			sourceTree = "<group>";
		};
		D49ABD9F19D1BB440092BFB7 /* Settings */ = {
			isa = PBXGroup;
			children = (
				D49ABDA019D1BB8A0092BFB7 /* Settings.h */,
				D49ABDA119D1BB8A0092BFB7 /* Settings.m */,
			);
			name = Settings;
			sourceTree = "<group>";
		};
		F15D06211BB2F700002D181F /* SwiftPushSample */ = {
			isa = PBXGroup;
			children = (
				5DC1131F1DBFE4F400982F94 /* SwiftPushSample.entitlements */,
				F10D7C701BBAED3700506B25 /* PCFPush.framework */,
				F1CF4FC71BB3371800F147FF /* Pivotal.plist */,
				F15D06221BB2F700002D181F /* AppDelegate.swift */,
				F15D06241BB2F700002D181F /* ViewController.swift */,
				F15D06261BB2F700002D181F /* Main.storyboard */,
				F15D062B1BB2F700002D181F /* LaunchScreen.storyboard */,
				F15D062E1BB2F700002D181F /* Info.plist */,
			);
			path = SwiftPushSample;
			sourceTree = "<group>";
		};
		F1FDE19B18D7806B009EBE38 = {
			isa = PBXGroup;
			children = (
				F1FDE1AD18D7806B009EBE38 /* PushSample */,
				F15D06211BB2F700002D181F /* SwiftPushSample */,
				F1FDE1A518D7806B009EBE38 /* Products */,
				6773DF5A92AB4D20BED68347 /* Frameworks */,
				D3CC86E7A62F74EB154352B3 /* Pods */,
			);
			sourceTree = "<group>";
		};
		F1FDE1A518D7806B009EBE38 /* Products */ = {
			isa = PBXGroup;
			children = (
				F1FDE1A418D7806B009EBE38 /* PushSample.app */,
				F15D06201BB2F6FF002D181F /* SwiftPushSample.app */,
			);
			name = Products;
			sourceTree = "<group>";
		};
		F1FDE1AD18D7806B009EBE38 /* PushSample */ = {
			isa = PBXGroup;
			children = (
				F1FDE1DC18D78115009EBE38 /* Classes */,
				F1FDE1B618D7806B009EBE38 /* AppDelegate.h */,
				F1FDE1B718D7806B009EBE38 /* AppDelegate.m */,
				E7226B5E1987F61C00ABD0E5 /* Main_iPhone.storyboard */,
				F1FDE1BF18D7806B009EBE38 /* Images.xcassets */,
				F1FDE1AE18D7806B009EBE38 /* Supporting Files */,
			);
			path = PushSample;
			sourceTree = "<group>";
		};
		F1FDE1AE18D7806B009EBE38 /* Supporting Files */ = {
			isa = PBXGroup;
			children = (
				F114D27C190958030008BE3C /* Pivotal.plist */,
				F1FDE1AF18D7806B009EBE38 /* PushSample-Info.plist */,
				F1FDE1B018D7806B009EBE38 /* InfoPlist.strings */,
				F1FDE1B318D7806B009EBE38 /* main.m */,
				F1FDE1B518D7806B009EBE38 /* PushSample-Prefix.pch */,
			);
			name = "Supporting Files";
			sourceTree = "<group>";
		};
		F1FDE1DC18D78115009EBE38 /* Classes */ = {
			isa = PBXGroup;
			children = (
				D49ABD9F19D1BB440092BFB7 /* Settings */,
				F1FDE1DD18D78115009EBE38 /* Models */,
				F1FDE1E018D78115009EBE38 /* Network */,
				F1FDE1E618D78115009EBE38 /* ViewControllers */,
				F1FDE1EB18D78115009EBE38 /* Views */,
			);
			path = Classes;
			sourceTree = "<group>";
		};
		F1FDE1DD18D78115009EBE38 /* Models */ = {
			isa = PBXGroup;
			children = (
				F1103A7A1B13C04100C5420D /* GeofenceOverlay.h */,
				F1103A7B1B13C04100C5420D /* GeofenceOverlay.m */,
				F1FDE1DE18D78115009EBE38 /* LogItem.h */,
				F1FDE1DF18D78115009EBE38 /* LogItem.m */,
			);
			path = Models;
			sourceTree = "<group>";
		};
		F1FDE1E018D78115009EBE38 /* Network */ = {
			isa = PBXGroup;
			children = (
				F1FDE1E118D78115009EBE38 /* BackEndMessageRequest.h */,
				F1FDE1E218D78115009EBE38 /* BackEndMessageRequest.m */,
			);
			path = Network;
			sourceTree = "<group>";
		};
		F1FDE1E618D78115009EBE38 /* ViewControllers */ = {
			isa = PBXGroup;
			children = (
				F1FDE1E718D78115009EBE38 /* LogTableViewController.h */,
				F1FDE1E818D78115009EBE38 /* LogTableViewController.m */,
				F12C79C71AF2732C00556DAE /* MapViewController.h */,
				F12C79C81AF2732C00556DAE /* MapViewController.m */,
			);
			path = ViewControllers;
			sourceTree = "<group>";
		};
		F1FDE1EB18D78115009EBE38 /* Views */ = {
			isa = PBXGroup;
			children = (
				F1FDE1EC18D78115009EBE38 /* LogItemCell.h */,
				F1FDE1ED18D78115009EBE38 /* LogItemCell.m */,
				F1FDE1EE18D78115009EBE38 /* LogItemCell.xib */,
			);
			path = Views;
			sourceTree = "<group>";
		};
/* End PBXGroup section */

/* Begin PBXNativeTarget section */
		F15D061F1BB2F6FF002D181F /* SwiftPushSample */ = {
			isa = PBXNativeTarget;
			buildConfigurationList = F15D062F1BB2F700002D181F /* Build configuration list for PBXNativeTarget "SwiftPushSample" */;
			buildPhases = (
				F15D061C1BB2F6FF002D181F /* Sources */,
				F15D061D1BB2F6FF002D181F /* Frameworks */,
				F15D061E1BB2F6FF002D181F /* Resources */,
				F10D7C4B1BB9E0EB00506B25 /* Embed Frameworks */,
			);
			buildRules = (
			);
			dependencies = (
			);
			name = SwiftPushSample;
			productName = SwiftPushSample;
			productReference = F15D06201BB2F6FF002D181F /* SwiftPushSample.app */;
			productType = "com.apple.product-type.application";
		};
		F1FDE1A318D7806B009EBE38 /* PushSample */ = {
			isa = PBXNativeTarget;
			buildConfigurationList = F1FDE1D618D7806B009EBE38 /* Build configuration list for PBXNativeTarget "PushSample" */;
			buildPhases = (
				578B91AACD132AC995802FDB /* [CP] Check Pods Manifest.lock */,
				F1FDE1A018D7806B009EBE38 /* Sources */,
				F1FDE1A118D7806B009EBE38 /* Frameworks */,
				F1FDE1A218D7806B009EBE38 /* Resources */,
				3402B08A3418C9DA82AB06D1 /* [CP] Embed Pods Frameworks */,
				193D549EE5F58F468A29B347 /* [CP] Copy Pods Resources */,
			);
			buildRules = (
			);
			dependencies = (
			);
			name = PushSample;
			productName = PushSDKDemo;
			productReference = F1FDE1A418D7806B009EBE38 /* PushSample.app */;
			productType = "com.apple.product-type.application";
		};
/* End PBXNativeTarget section */

/* Begin PBXProject section */
		F1FDE19C18D7806B009EBE38 /* Project object */ = {
			isa = PBXProject;
			attributes = {
				LastSwiftUpdateCheck = 0700;
				LastUpgradeCheck = 0700;
				ORGANIZATIONNAME = "DX123-XL";
				TargetAttributes = {
					F15D061F1BB2F6FF002D181F = {
						CreatedOnToolsVersion = 7.0;
						DevelopmentTeam = BVZYXK966R;
						LastSwiftMigration = 0800;
						SystemCapabilities = {
							com.apple.BackgroundModes = {
								enabled = 1;
							};
							com.apple.Push = {
								enabled = 1;
							};
						};
					};
					F1FDE1A318D7806B009EBE38 = {
						DevelopmentTeam = BVZYXK966R;
					};
				};
			};
			buildConfigurationList = F1FDE19F18D7806B009EBE38 /* Build configuration list for PBXProject "PushSample" */;
			compatibilityVersion = "Xcode 3.2";
			developmentRegion = English;
			hasScannedForEncodings = 0;
			knownRegions = (
				en,
				Base,
			);
			mainGroup = F1FDE19B18D7806B009EBE38;
			productRefGroup = F1FDE1A518D7806B009EBE38 /* Products */;
			projectDirPath = "";
			projectRoot = "";
			targets = (
				F1FDE1A318D7806B009EBE38 /* PushSample */,
				F15D061F1BB2F6FF002D181F /* SwiftPushSample */,
			);
		};
/* End PBXProject section */

/* Begin PBXResourcesBuildPhase section */
		F15D061E1BB2F6FF002D181F /* Resources */ = {
			isa = PBXResourcesBuildPhase;
			buildActionMask = 2147483647;
			files = (
				F15D062D1BB2F700002D181F /* LaunchScreen.storyboard in Resources */,
				F1CF4FCB1BB5981700F147FF /* Images.xcassets in Resources */,
				F1CF4FC81BB3371800F147FF /* Pivotal.plist in Resources */,
				F15D06281BB2F700002D181F /* Main.storyboard in Resources */,
			);
			runOnlyForDeploymentPostprocessing = 0;
		};
		F1FDE1A218D7806B009EBE38 /* Resources */ = {
			isa = PBXResourcesBuildPhase;
			buildActionMask = 2147483647;
			files = (
				F1FDE1F518D78115009EBE38 /* LogItemCell.xib in Resources */,
				F1FDE1C018D7806B009EBE38 /* Images.xcassets in Resources */,
				E7226B5F1987F61C00ABD0E5 /* Main_iPhone.storyboard in Resources */,
				F114D27D190958030008BE3C /* Pivotal.plist in Resources */,
				F1FDE1B218D7806B009EBE38 /* InfoPlist.strings in Resources */,
			);
			runOnlyForDeploymentPostprocessing = 0;
		};
/* End PBXResourcesBuildPhase section */

/* Begin PBXShellScriptBuildPhase section */
		193D549EE5F58F468A29B347 /* [CP] Copy Pods Resources */ = {
			isa = PBXShellScriptBuildPhase;
			buildActionMask = 2147483647;
			files = (
			);
			inputPaths = (
			);
			name = "[CP] Copy Pods Resources";
			outputPaths = (
			);
			runOnlyForDeploymentPostprocessing = 0;
			shellPath = /bin/sh;
			shellScript = "\"${SRCROOT}/Pods/Target Support Files/Pods-PushSample/Pods-PushSample-resources.sh\"\n";
			showEnvVarsInLog = 0;
		};
		3402B08A3418C9DA82AB06D1 /* [CP] Embed Pods Frameworks */ = {
			isa = PBXShellScriptBuildPhase;
			buildActionMask = 2147483647;
			files = (
			);
			inputPaths = (
			);
			name = "[CP] Embed Pods Frameworks";
			outputPaths = (
			);
			runOnlyForDeploymentPostprocessing = 0;
			shellPath = /bin/sh;
			shellScript = "\"${SRCROOT}/Pods/Target Support Files/Pods-PushSample/Pods-PushSample-frameworks.sh\"\n";
			showEnvVarsInLog = 0;
		};
		578B91AACD132AC995802FDB /* [CP] Check Pods Manifest.lock */ = {
			isa = PBXShellScriptBuildPhase;
			buildActionMask = 2147483647;
			files = (
			);
			inputPaths = (
			);
			name = "[CP] Check Pods Manifest.lock";
			outputPaths = (
			);
			runOnlyForDeploymentPostprocessing = 0;
			shellPath = /bin/sh;
			shellScript = "diff \"${PODS_ROOT}/../Podfile.lock\" \"${PODS_ROOT}/Manifest.lock\" > /dev/null\nif [[ $? != 0 ]] ; then\n    cat << EOM\nerror: The sandbox is not in sync with the Podfile.lock. Run 'pod install' or update your CocoaPods installation.\nEOM\n    exit 1\nfi\n";
			showEnvVarsInLog = 0;
		};
/* End PBXShellScriptBuildPhase section */

/* Begin PBXSourcesBuildPhase section */
		F15D061C1BB2F6FF002D181F /* Sources */ = {
			isa = PBXSourcesBuildPhase;
			buildActionMask = 2147483647;
			files = (
				F15D06251BB2F700002D181F /* ViewController.swift in Sources */,
				F15D06231BB2F700002D181F /* AppDelegate.swift in Sources */,
			);
			runOnlyForDeploymentPostprocessing = 0;
		};
		F1FDE1A018D7806B009EBE38 /* Sources */ = {
			isa = PBXSourcesBuildPhase;
			buildActionMask = 2147483647;
			files = (
				F1FDE1F418D78115009EBE38 /* LogItemCell.m in Sources */,
				F1FDE1F018D78115009EBE38 /* BackEndMessageRequest.m in Sources */,
				F1FDE1B818D7806B009EBE38 /* AppDelegate.m in Sources */,
				F12C79C91AF2732C00556DAE /* MapViewController.m in Sources */,
				F1FDE1F218D78115009EBE38 /* LogTableViewController.m in Sources */,
				F1FDE1B418D7806B009EBE38 /* main.m in Sources */,
				F1FDE1EF18D78115009EBE38 /* LogItem.m in Sources */,
				D49ABDA219D1BB8A0092BFB7 /* Settings.m in Sources */,
				F1103A7C1B13C04100C5420D /* GeofenceOverlay.m in Sources */,
			);
			runOnlyForDeploymentPostprocessing = 0;
		};
/* End PBXSourcesBuildPhase section */

/* Begin PBXVariantGroup section */
		F15D06261BB2F700002D181F /* Main.storyboard */ = {
			isa = PBXVariantGroup;
			children = (
				F15D06271BB2F700002D181F /* Base */,
			);
			name = Main.storyboard;
			sourceTree = "<group>";
		};
		F15D062B1BB2F700002D181F /* LaunchScreen.storyboard */ = {
			isa = PBXVariantGroup;
			children = (
				F15D062C1BB2F700002D181F /* Base */,
			);
			name = LaunchScreen.storyboard;
			sourceTree = "<group>";
		};
		F1FDE1B018D7806B009EBE38 /* InfoPlist.strings */ = {
			isa = PBXVariantGroup;
			children = (
				F1FDE1B118D7806B009EBE38 /* en */,
			);
			name = InfoPlist.strings;
			sourceTree = "<group>";
		};
/* End PBXVariantGroup section */

/* Begin XCBuildConfiguration section */
		F15D06301BB2F700002D181F /* Debug */ = {
			isa = XCBuildConfiguration;
			buildSettings = {
				ASSETCATALOG_COMPILER_APPICON_NAME = AppIcon;
				CLANG_WARN_UNREACHABLE_CODE = YES;
				CODE_SIGN_ENTITLEMENTS = SwiftPushSample/SwiftPushSample.entitlements;
				DEBUG_INFORMATION_FORMAT = dwarf;
				ENABLE_BITCODE = NO;
				ENABLE_STRICT_OBJC_MSGSEND = YES;
				FRAMEWORK_SEARCH_PATHS = (
					"$(inherited)",
					"$(PROJECT_DIR)/SwiftPushSample",
					"$(PROJECT_DIR)",
				);
				GCC_NO_COMMON_BLOCKS = YES;
				INFOPLIST_FILE = SwiftPushSample/Info.plist;
				IPHONEOS_DEPLOYMENT_TARGET = 8.0;
				LD_RUNPATH_SEARCH_PATHS = "$(inherited) @executable_path/Frameworks";
				MTL_ENABLE_DEBUG_INFO = YES;
				PRODUCT_BUNDLE_IDENTIFIER = io.pivotal.push.ios.SwiftPushSample;
				PRODUCT_NAME = "$(TARGET_NAME)";
				SWIFT_OPTIMIZATION_LEVEL = "-Onone";
				SWIFT_VERSION = 3.0;
			};
			name = Debug;
		};
		F15D06311BB2F700002D181F /* Release */ = {
			isa = XCBuildConfiguration;
			buildSettings = {
				ASSETCATALOG_COMPILER_APPICON_NAME = AppIcon;
				CLANG_WARN_UNREACHABLE_CODE = YES;
				CODE_SIGN_ENTITLEMENTS = SwiftPushSample/SwiftPushSample.entitlements;
				COPY_PHASE_STRIP = NO;
				DEBUG_INFORMATION_FORMAT = "dwarf-with-dsym";
				ENABLE_BITCODE = NO;
				ENABLE_STRICT_OBJC_MSGSEND = YES;
				FRAMEWORK_SEARCH_PATHS = (
					"$(inherited)",
					"$(PROJECT_DIR)/SwiftPushSample",
					"$(PROJECT_DIR)",
				);
				GCC_NO_COMMON_BLOCKS = YES;
				INFOPLIST_FILE = SwiftPushSample/Info.plist;
				IPHONEOS_DEPLOYMENT_TARGET = 8.0;
				LD_RUNPATH_SEARCH_PATHS = "$(inherited) @executable_path/Frameworks";
				MTL_ENABLE_DEBUG_INFO = NO;
				PRODUCT_BUNDLE_IDENTIFIER = io.pivotal.push.ios.SwiftPushSample;
				PRODUCT_NAME = "$(TARGET_NAME)";
				SWIFT_VERSION = 3.0;
			};
			name = Release;
		};
		F1FDE1D418D7806B009EBE38 /* Debug */ = {
			isa = XCBuildConfiguration;
			buildSettings = {
				ALWAYS_SEARCH_USER_PATHS = NO;
				CLANG_CXX_LANGUAGE_STANDARD = "gnu++0x";
				CLANG_CXX_LIBRARY = "libc++";
				CLANG_ENABLE_MODULES = YES;
				CLANG_ENABLE_OBJC_ARC = YES;
				CLANG_WARN_BOOL_CONVERSION = YES;
				CLANG_WARN_CONSTANT_CONVERSION = YES;
				CLANG_WARN_DIRECT_OBJC_ISA_USAGE = YES_ERROR;
				CLANG_WARN_EMPTY_BODY = YES;
				CLANG_WARN_ENUM_CONVERSION = YES;
				CLANG_WARN_INT_CONVERSION = YES;
				CLANG_WARN_OBJC_ROOT_CLASS = YES_ERROR;
				CLANG_WARN__DUPLICATE_METHOD_MATCH = YES;
				CODE_SIGN_IDENTITY = "iPhone Developer";
				COPY_PHASE_STRIP = NO;
				ENABLE_TESTABILITY = YES;
				GCC_C_LANGUAGE_STANDARD = gnu99;
				GCC_DYNAMIC_NO_PIC = NO;
				GCC_OPTIMIZATION_LEVEL = 0;
				GCC_PREPROCESSOR_DEFINITIONS = (
					"DEBUG=1",
					"$(inherited)",
				);
				GCC_SYMBOLS_PRIVATE_EXTERN = NO;
				GCC_WARN_64_TO_32_BIT_CONVERSION = YES;
				GCC_WARN_ABOUT_RETURN_TYPE = YES_ERROR;
				GCC_WARN_UNDECLARED_SELECTOR = YES;
				GCC_WARN_UNINITIALIZED_AUTOS = YES_AGGRESSIVE;
				GCC_WARN_UNUSED_FUNCTION = YES;
				GCC_WARN_UNUSED_VARIABLE = YES;
				IPHONEOS_DEPLOYMENT_TARGET = 7.0;
				ONLY_ACTIVE_ARCH = YES;
				SDKROOT = iphoneos;
			};
			name = Debug;
		};
		F1FDE1D518D7806B009EBE38 /* Release */ = {
			isa = XCBuildConfiguration;
			buildSettings = {
				ALWAYS_SEARCH_USER_PATHS = NO;
				CLANG_CXX_LANGUAGE_STANDARD = "gnu++0x";
				CLANG_CXX_LIBRARY = "libc++";
				CLANG_ENABLE_MODULES = YES;
				CLANG_ENABLE_OBJC_ARC = YES;
				CLANG_WARN_BOOL_CONVERSION = YES;
				CLANG_WARN_CONSTANT_CONVERSION = YES;
				CLANG_WARN_DIRECT_OBJC_ISA_USAGE = YES_ERROR;
				CLANG_WARN_EMPTY_BODY = YES;
				CLANG_WARN_ENUM_CONVERSION = YES;
				CLANG_WARN_INT_CONVERSION = YES;
				CLANG_WARN_OBJC_ROOT_CLASS = YES_ERROR;
				CLANG_WARN__DUPLICATE_METHOD_MATCH = YES;
				CODE_SIGN_IDENTITY = "iPhone Developer";
				COPY_PHASE_STRIP = YES;
				ENABLE_NS_ASSERTIONS = NO;
				GCC_C_LANGUAGE_STANDARD = gnu99;
				GCC_WARN_64_TO_32_BIT_CONVERSION = YES;
				GCC_WARN_ABOUT_RETURN_TYPE = YES_ERROR;
				GCC_WARN_UNDECLARED_SELECTOR = YES;
				GCC_WARN_UNINITIALIZED_AUTOS = YES_AGGRESSIVE;
				GCC_WARN_UNUSED_FUNCTION = YES;
				GCC_WARN_UNUSED_VARIABLE = YES;
				IPHONEOS_DEPLOYMENT_TARGET = 7.0;
				SDKROOT = iphoneos;
				VALIDATE_PRODUCT = YES;
			};
			name = Release;
		};
		F1FDE1D718D7806B009EBE38 /* Debug */ = {
			isa = XCBuildConfiguration;
			baseConfigurationReference = AD998C54C4C13EEF9FBC9AD4 /* Pods-PushSample.debug.xcconfig */;
			buildSettings = {
				ASSETCATALOG_COMPILER_APPICON_NAME = AppIcon;
				ASSETCATALOG_COMPILER_LAUNCHIMAGE_NAME = LaunchImage;
				ENABLE_BITCODE = NO;
				FRAMEWORK_SEARCH_PATHS = (
					"$(inherited)",
					"$(PROJECT_DIR)",
					"$(USER_LIBRARY_DIR)/Developer/Xcode/DerivedData/PCFPush-cvwkmtzybidpmzekxyfvoojennkm/Build/Intermediates/ArchiveIntermediates/PCFPush/IntermediateBuildFilesPath/UninstalledProducts",
				);
				GCC_PRECOMPILE_PREFIX_HEADER = YES;
				GCC_PREFIX_HEADER = "PushSample/PushSample-Prefix.pch";
				INFOPLIST_FILE = "PushSample/PushSample-Info.plist";
				IPHONEOS_DEPLOYMENT_TARGET = 7.0;
				PRODUCT_BUNDLE_IDENTIFIER = io.pivotal.ios.push.demo;
				PRODUCT_NAME = PushSample;
				WRAPPER_EXTENSION = app;
			};
			name = Debug;
		};
		F1FDE1D818D7806B009EBE38 /* Release */ = {
			isa = XCBuildConfiguration;
			baseConfigurationReference = EBC1736E7F9A58A5219AEAD1 /* Pods-PushSample.release.xcconfig */;
			buildSettings = {
				ASSETCATALOG_COMPILER_APPICON_NAME = AppIcon;
				ASSETCATALOG_COMPILER_LAUNCHIMAGE_NAME = LaunchImage;
				ENABLE_BITCODE = NO;
				FRAMEWORK_SEARCH_PATHS = (
					"$(inherited)",
					"$(PROJECT_DIR)",
					"$(USER_LIBRARY_DIR)/Developer/Xcode/DerivedData/PCFPush-cvwkmtzybidpmzekxyfvoojennkm/Build/Intermediates/ArchiveIntermediates/PCFPush/IntermediateBuildFilesPath/UninstalledProducts",
				);
				GCC_PRECOMPILE_PREFIX_HEADER = YES;
				GCC_PREFIX_HEADER = "PushSample/PushSample-Prefix.pch";
				INFOPLIST_FILE = "PushSample/PushSample-Info.plist";
				IPHONEOS_DEPLOYMENT_TARGET = 7.0;
				PRODUCT_BUNDLE_IDENTIFIER = io.pivotal.ios.push.demo;
				PRODUCT_NAME = PushSample;
				WRAPPER_EXTENSION = app;
			};
			name = Release;
		};
/* End XCBuildConfiguration section */

/* Begin XCConfigurationList section */
		F15D062F1BB2F700002D181F /* Build configuration list for PBXNativeTarget "SwiftPushSample" */ = {
			isa = XCConfigurationList;
			buildConfigurations = (
				F15D06301BB2F700002D181F /* Debug */,
				F15D06311BB2F700002D181F /* Release */,
			);
			defaultConfigurationIsVisible = 0;
			defaultConfigurationName = Release;
		};
		F1FDE19F18D7806B009EBE38 /* Build configuration list for PBXProject "PushSample" */ = {
			isa = XCConfigurationList;
			buildConfigurations = (
				F1FDE1D418D7806B009EBE38 /* Debug */,
				F1FDE1D518D7806B009EBE38 /* Release */,
			);
			defaultConfigurationIsVisible = 0;
			defaultConfigurationName = Release;
		};
		F1FDE1D618D7806B009EBE38 /* Build configuration list for PBXNativeTarget "PushSample" */ = {
			isa = XCConfigurationList;
			buildConfigurations = (
				F1FDE1D718D7806B009EBE38 /* Debug */,
				F1FDE1D818D7806B009EBE38 /* Release */,
			);
			defaultConfigurationIsVisible = 0;
			defaultConfigurationName = Release;
		};
/* End XCConfigurationList section */
	};
	rootObject = F1FDE19C18D7806B009EBE38 /* Project object */;
}
