// !$*UTF8*$!
{
	archiveVersion = 1;
	classes = {
	};
	objectVersion = 46;
	objects = {

/* Begin PBXBuildFile section */
		9BA17B6C8B044B3BBF263058 /* libPods.a in Frameworks */ = {isa = PBXBuildFile; fileRef = 545A6EF71EAC4A33AFE4ECC8 /* libPods.a */; };
		D49ABDA219D1BB8A0092BFB7 /* Settings.m in Sources */ = {isa = PBXBuildFile; fileRef = D49ABDA119D1BB8A0092BFB7 /* Settings.m */; };
		E7226B5F1987F61C00ABD0E5 /* Main_iPhone.storyboard in Resources */ = {isa = PBXBuildFile; fileRef = E7226B5E1987F61C00ABD0E5 /* Main_iPhone.storyboard */; };
		F114D27D190958030008BE3C /* MSSParameters.plist in Resources */ = {isa = PBXBuildFile; fileRef = F114D27C190958030008BE3C /* MSSParameters.plist */; };
		F1FDE1B218D7806B009EBE38 /* InfoPlist.strings in Resources */ = {isa = PBXBuildFile; fileRef = F1FDE1B018D7806B009EBE38 /* InfoPlist.strings */; };
		F1FDE1B418D7806B009EBE38 /* main.m in Sources */ = {isa = PBXBuildFile; fileRef = F1FDE1B318D7806B009EBE38 /* main.m */; };
		F1FDE1B818D7806B009EBE38 /* AppDelegate.m in Sources */ = {isa = PBXBuildFile; fileRef = F1FDE1B718D7806B009EBE38 /* AppDelegate.m */; };
		F1FDE1C018D7806B009EBE38 /* Images.xcassets in Resources */ = {isa = PBXBuildFile; fileRef = F1FDE1BF18D7806B009EBE38 /* Images.xcassets */; };
		F1FDE1EF18D78115009EBE38 /* LogItem.m in Sources */ = {isa = PBXBuildFile; fileRef = F1FDE1DF18D78115009EBE38 /* LogItem.m */; };
		F1FDE1F018D78115009EBE38 /* BackEndMessageRequest.m in Sources */ = {isa = PBXBuildFile; fileRef = F1FDE1E218D78115009EBE38 /* BackEndMessageRequest.m */; };
		F1FDE1F218D78115009EBE38 /* LogTableViewController.m in Sources */ = {isa = PBXBuildFile; fileRef = F1FDE1E818D78115009EBE38 /* LogTableViewController.m */; };
		F1FDE1F418D78115009EBE38 /* LogItemCell.m in Sources */ = {isa = PBXBuildFile; fileRef = F1FDE1ED18D78115009EBE38 /* LogItemCell.m */; };
		F1FDE1F518D78115009EBE38 /* LogItemCell.xib in Resources */ = {isa = PBXBuildFile; fileRef = F1FDE1EE18D78115009EBE38 /* LogItemCell.xib */; };
/* End PBXBuildFile section */

/* Begin PBXFileReference section */
		2A88257450D147D3B3B9CCD7 /* Pods.xcconfig */ = {isa = PBXFileReference; includeInIndex = 1; lastKnownFileType = text.xcconfig; name = Pods.xcconfig; path = Pods/Pods.xcconfig; sourceTree = "<group>"; };
		545A6EF71EAC4A33AFE4ECC8 /* libPods.a */ = {isa = PBXFileReference; explicitFileType = archive.ar; includeInIndex = 0; path = libPods.a; sourceTree = BUILT_PRODUCTS_DIR; };
		D49ABDA019D1BB8A0092BFB7 /* Settings.h */ = {isa = PBXFileReference; fileEncoding = 4; lastKnownFileType = sourcecode.c.h; name = Settings.h; path = Settings/Settings.h; sourceTree = "<group>"; };
		D49ABDA119D1BB8A0092BFB7 /* Settings.m */ = {isa = PBXFileReference; fileEncoding = 4; lastKnownFileType = sourcecode.c.objc; name = Settings.m; path = Settings/Settings.m; sourceTree = "<group>"; };
		E7226B5E1987F61C00ABD0E5 /* Main_iPhone.storyboard */ = {isa = PBXFileReference; fileEncoding = 4; lastKnownFileType = file.storyboard; path = Main_iPhone.storyboard; sourceTree = "<group>"; };
		F114D27C190958030008BE3C /* MSSParameters.plist */ = {isa = PBXFileReference; fileEncoding = 4; lastKnownFileType = text.plist.xml; path = MSSParameters.plist; sourceTree = "<group>"; };
		F1FDE1A418D7806B009EBE38 /* PushSample.app */ = {isa = PBXFileReference; explicitFileType = wrapper.application; includeInIndex = 0; path = PushSample.app; sourceTree = BUILT_PRODUCTS_DIR; };
		F1FDE1AF18D7806B009EBE38 /* PushSample-Info.plist */ = {isa = PBXFileReference; lastKnownFileType = text.plist.xml; path = "PushSample-Info.plist"; sourceTree = "<group>"; };
		F1FDE1B118D7806B009EBE38 /* en */ = {isa = PBXFileReference; lastKnownFileType = text.plist.strings; name = en; path = en.lproj/InfoPlist.strings; sourceTree = "<group>"; };
		F1FDE1B318D7806B009EBE38 /* main.m */ = {isa = PBXFileReference; lastKnownFileType = sourcecode.c.objc; path = main.m; sourceTree = "<group>"; };
		F1FDE1B518D7806B009EBE38 /* PushSample-Prefix.pch */ = {isa = PBXFileReference; lastKnownFileType = sourcecode.c.h; path = "PushSample-Prefix.pch"; sourceTree = "<group>"; };
		F1FDE1B618D7806B009EBE38 /* AppDelegate.h */ = {isa = PBXFileReference; lastKnownFileType = sourcecode.c.h; path = AppDelegate.h; sourceTree = "<group>"; };
		F1FDE1B718D7806B009EBE38 /* AppDelegate.m */ = {isa = PBXFileReference; lastKnownFileType = sourcecode.c.objc; path = AppDelegate.m; sourceTree = "<group>"; };
		F1FDE1BF18D7806B009EBE38 /* Images.xcassets */ = {isa = PBXFileReference; lastKnownFileType = folder.assetcatalog; path = Images.xcassets; sourceTree = "<group>"; };
		F1FDE1DE18D78115009EBE38 /* LogItem.h */ = {isa = PBXFileReference; fileEncoding = 4; lastKnownFileType = sourcecode.c.h; path = LogItem.h; sourceTree = "<group>"; };
		F1FDE1DF18D78115009EBE38 /* LogItem.m */ = {isa = PBXFileReference; fileEncoding = 4; lastKnownFileType = sourcecode.c.objc; path = LogItem.m; sourceTree = "<group>"; };
		F1FDE1E118D78115009EBE38 /* BackEndMessageRequest.h */ = {isa = PBXFileReference; fileEncoding = 4; lastKnownFileType = sourcecode.c.h; path = BackEndMessageRequest.h; sourceTree = "<group>"; };
		F1FDE1E218D78115009EBE38 /* BackEndMessageRequest.m */ = {isa = PBXFileReference; fileEncoding = 4; lastKnownFileType = sourcecode.c.objc; path = BackEndMessageRequest.m; sourceTree = "<group>"; };
		F1FDE1E718D78115009EBE38 /* LogTableViewController.h */ = {isa = PBXFileReference; fileEncoding = 4; lastKnownFileType = sourcecode.c.h; path = LogTableViewController.h; sourceTree = "<group>"; };
		F1FDE1E818D78115009EBE38 /* LogTableViewController.m */ = {isa = PBXFileReference; fileEncoding = 4; lastKnownFileType = sourcecode.c.objc; path = LogTableViewController.m; sourceTree = "<group>"; };
		F1FDE1EC18D78115009EBE38 /* LogItemCell.h */ = {isa = PBXFileReference; fileEncoding = 4; lastKnownFileType = sourcecode.c.h; path = LogItemCell.h; sourceTree = "<group>"; };
		F1FDE1ED18D78115009EBE38 /* LogItemCell.m */ = {isa = PBXFileReference; fileEncoding = 4; lastKnownFileType = sourcecode.c.objc; path = LogItemCell.m; sourceTree = "<group>"; };
		F1FDE1EE18D78115009EBE38 /* LogItemCell.xib */ = {isa = PBXFileReference; fileEncoding = 4; lastKnownFileType = file.xib; path = LogItemCell.xib; sourceTree = "<group>"; };
/* End PBXFileReference section */

/* Begin PBXFrameworksBuildPhase section */
		F1FDE1A118D7806B009EBE38 /* Frameworks */ = {
			isa = PBXFrameworksBuildPhase;
			buildActionMask = 2147483647;
			files = (
				9BA17B6C8B044B3BBF263058 /* libPods.a in Frameworks */,
			);
			runOnlyForDeploymentPostprocessing = 0;
		};
/* End PBXFrameworksBuildPhase section */

/* Begin PBXGroup section */
		6773DF5A92AB4D20BED68347 /* Frameworks */ = {
			isa = PBXGroup;
			children = (
				545A6EF71EAC4A33AFE4ECC8 /* libPods.a */,
			);
			name = Frameworks;
			sourceTree = "<group>";
		};
		D49ABD9F19D1BB440092BFB7 /* Settings */ = {
			isa = PBXGroup;
			children = (
				D49ABDA019D1BB8A0092BFB7 /* Settings.h */,
				D49ABDA119D1BB8A0092BFB7 /* Settings.m */,
			);
			name = Settings;
			sourceTree = "<group>";
		};
		F1FDE19B18D7806B009EBE38 = {
			isa = PBXGroup;
			children = (
				F1FDE1AD18D7806B009EBE38 /* PushSample */,
				F1FDE1A518D7806B009EBE38 /* Products */,
				2A88257450D147D3B3B9CCD7 /* Pods.xcconfig */,
				6773DF5A92AB4D20BED68347 /* Frameworks */,
			);
			sourceTree = "<group>";
		};
		F1FDE1A518D7806B009EBE38 /* Products */ = {
			isa = PBXGroup;
			children = (
				F1FDE1A418D7806B009EBE38 /* PushSample.app */,
			);
			name = Products;
			sourceTree = "<group>";
		};
		F1FDE1AD18D7806B009EBE38 /* PushSample */ = {
			isa = PBXGroup;
			children = (
				F1FDE1DC18D78115009EBE38 /* Classes */,
				F1FDE1B618D7806B009EBE38 /* AppDelegate.h */,
				F1FDE1B718D7806B009EBE38 /* AppDelegate.m */,
				E7226B5E1987F61C00ABD0E5 /* Main_iPhone.storyboard */,
				F1FDE1BF18D7806B009EBE38 /* Images.xcassets */,
				F1FDE1AE18D7806B009EBE38 /* Supporting Files */,
			);
			path = PushSample;
			sourceTree = "<group>";
		};
		F1FDE1AE18D7806B009EBE38 /* Supporting Files */ = {
			isa = PBXGroup;
			children = (
				F114D27C190958030008BE3C /* MSSParameters.plist */,
				F1FDE1AF18D7806B009EBE38 /* PushSample-Info.plist */,
				F1FDE1B018D7806B009EBE38 /* InfoPlist.strings */,
				F1FDE1B318D7806B009EBE38 /* main.m */,
				F1FDE1B518D7806B009EBE38 /* PushSample-Prefix.pch */,
			);
			name = "Supporting Files";
			sourceTree = "<group>";
		};
		F1FDE1DC18D78115009EBE38 /* Classes */ = {
			isa = PBXGroup;
			children = (
				D49ABD9F19D1BB440092BFB7 /* Settings */,
				F1FDE1DD18D78115009EBE38 /* Models */,
				F1FDE1E018D78115009EBE38 /* Network */,
				F1FDE1E618D78115009EBE38 /* ViewControllers */,
				F1FDE1EB18D78115009EBE38 /* Views */,
			);
			path = Classes;
			sourceTree = "<group>";
		};
		F1FDE1DD18D78115009EBE38 /* Models */ = {
			isa = PBXGroup;
			children = (
				F1FDE1DE18D78115009EBE38 /* LogItem.h */,
				F1FDE1DF18D78115009EBE38 /* LogItem.m */,
			);
			path = Models;
			sourceTree = "<group>";
		};
		F1FDE1E018D78115009EBE38 /* Network */ = {
			isa = PBXGroup;
			children = (
				F1FDE1E118D78115009EBE38 /* BackEndMessageRequest.h */,
				F1FDE1E218D78115009EBE38 /* BackEndMessageRequest.m */,
			);
			path = Network;
			sourceTree = "<group>";
		};
		F1FDE1E618D78115009EBE38 /* ViewControllers */ = {
			isa = PBXGroup;
			children = (
				F1FDE1E718D78115009EBE38 /* LogTableViewController.h */,
				F1FDE1E818D78115009EBE38 /* LogTableViewController.m */,
			);
			path = ViewControllers;
			sourceTree = "<group>";
		};
		F1FDE1EB18D78115009EBE38 /* Views */ = {
			isa = PBXGroup;
			children = (
				F1FDE1EC18D78115009EBE38 /* LogItemCell.h */,
				F1FDE1ED18D78115009EBE38 /* LogItemCell.m */,
				F1FDE1EE18D78115009EBE38 /* LogItemCell.xib */,
			);
			path = Views;
			sourceTree = "<group>";
		};
/* End PBXGroup section */

/* Begin PBXNativeTarget section */
		F1FDE1A318D7806B009EBE38 /* PushSample */ = {
			isa = PBXNativeTarget;
			buildConfigurationList = F1FDE1D618D7806B009EBE38 /* Build configuration list for PBXNativeTarget "PushSample" */;
			buildPhases = (
				DF06DB7DBACF4040B3D234C8 /* Check Pods Manifest.lock */,
				F1FDE1A018D7806B009EBE38 /* Sources */,
				F1FDE1A118D7806B009EBE38 /* Frameworks */,
				F1FDE1A218D7806B009EBE38 /* Resources */,
				B2DAF1AB63424CD49C12032A /* Copy Pods Resources */,
			);
			buildRules = (
			);
			dependencies = (
			);
			name = PushSample;
			productName = PushSDKDemo;
			productReference = F1FDE1A418D7806B009EBE38 /* PushSample.app */;
			productType = "com.apple.product-type.application";
		};
/* End PBXNativeTarget section */

/* Begin PBXProject section */
		F1FDE19C18D7806B009EBE38 /* Project object */ = {
			isa = PBXProject;
			attributes = {
				LastUpgradeCheck = 0510;
				ORGANIZATIONNAME = "DX123-XL";
				TargetAttributes = {
					F1FDE1A318D7806B009EBE38 = {
						DevelopmentTeam = DB2ELL349P;
					};
				};
			};
			buildConfigurationList = F1FDE19F18D7806B009EBE38 /* Build configuration list for PBXProject "PushSample" */;
			compatibilityVersion = "Xcode 3.2";
			developmentRegion = English;
			hasScannedForEncodings = 0;
			knownRegions = (
				en,
				Base,
			);
			mainGroup = F1FDE19B18D7806B009EBE38;
			productRefGroup = F1FDE1A518D7806B009EBE38 /* Products */;
			projectDirPath = "";
			projectRoot = "";
			targets = (
				F1FDE1A318D7806B009EBE38 /* PushSample */,
			);
		};
/* End PBXProject section */

/* Begin PBXResourcesBuildPhase section */
		F1FDE1A218D7806B009EBE38 /* Resources */ = {
			isa = PBXResourcesBuildPhase;
			buildActionMask = 2147483647;
			files = (
				F1FDE1F518D78115009EBE38 /* LogItemCell.xib in Resources */,
				F1FDE1C018D7806B009EBE38 /* Images.xcassets in Resources */,
				E7226B5F1987F61C00ABD0E5 /* Main_iPhone.storyboard in Resources */,
				F114D27D190958030008BE3C /* MSSParameters.plist in Resources */,
				F1FDE1B218D7806B009EBE38 /* InfoPlist.strings in Resources */,
			);
			runOnlyForDeploymentPostprocessing = 0;
		};
/* End PBXResourcesBuildPhase section */

/* Begin PBXShellScriptBuildPhase section */
		B2DAF1AB63424CD49C12032A /* Copy Pods Resources */ = {
			isa = PBXShellScriptBuildPhase;
			buildActionMask = 2147483647;
			files = (
			);
			inputPaths = (
			);
			name = "Copy Pods Resources";
			outputPaths = (
			);
			runOnlyForDeploymentPostprocessing = 0;
			shellPath = /bin/sh;
			shellScript = "\"${SRCROOT}/Pods/Pods-resources.sh\"\n";
			showEnvVarsInLog = 0;
		};
		DF06DB7DBACF4040B3D234C8 /* Check Pods Manifest.lock */ = {
			isa = PBXShellScriptBuildPhase;
			buildActionMask = 2147483647;
			files = (
			);
			inputPaths = (
			);
			name = "Check Pods Manifest.lock";
			outputPaths = (
			);
			runOnlyForDeploymentPostprocessing = 0;
			shellPath = /bin/sh;
			shellScript = "diff \"${PODS_ROOT}/../Podfile.lock\" \"${PODS_ROOT}/Manifest.lock\" > /dev/null\nif [[ $? != 0 ]] ; then\n    cat << EOM\nerror: The sandbox is not in sync with the Podfile.lock. Run 'pod install' or update your CocoaPods installation.\nEOM\n    exit 1\nfi\n";
			showEnvVarsInLog = 0;
		};
/* End PBXShellScriptBuildPhase section */

/* Begin PBXSourcesBuildPhase section */
		F1FDE1A018D7806B009EBE38 /* Sources */ = {
			isa = PBXSourcesBuildPhase;
			buildActionMask = 2147483647;
			files = (
				F1FDE1F418D78115009EBE38 /* LogItemCell.m in Sources */,
				F1FDE1F018D78115009EBE38 /* BackEndMessageRequest.m in Sources */,
				F1FDE1B818D7806B009EBE38 /* AppDelegate.m in Sources */,
				F1FDE1F218D78115009EBE38 /* LogTableViewController.m in Sources */,
				F1FDE1B418D7806B009EBE38 /* main.m in Sources */,
				F1FDE1EF18D78115009EBE38 /* LogItem.m in Sources */,
				D49ABDA219D1BB8A0092BFB7 /* Settings.m in Sources */,
			);
			runOnlyForDeploymentPostprocessing = 0;
		};
/* End PBXSourcesBuildPhase section */

/* Begin PBXVariantGroup section */
		F1FDE1B018D7806B009EBE38 /* InfoPlist.strings */ = {
			isa = PBXVariantGroup;
			children = (
				F1FDE1B118D7806B009EBE38 /* en */,
			);
			name = InfoPlist.strings;
			sourceTree = "<group>";
		};
/* End PBXVariantGroup section */

/* Begin XCBuildConfiguration section */
		F1FDE1D418D7806B009EBE38 /* Debug */ = {
			isa = XCBuildConfiguration;
			buildSettings = {
				ALWAYS_SEARCH_USER_PATHS = NO;
				CLANG_CXX_LANGUAGE_STANDARD = "gnu++0x";
				CLANG_CXX_LIBRARY = "libc++";
				CLANG_ENABLE_MODULES = YES;
				CLANG_ENABLE_OBJC_ARC = YES;
				CLANG_WARN_BOOL_CONVERSION = YES;
				CLANG_WARN_CONSTANT_CONVERSION = YES;
				CLANG_WARN_DIRECT_OBJC_ISA_USAGE = YES_ERROR;
				CLANG_WARN_EMPTY_BODY = YES;
				CLANG_WARN_ENUM_CONVERSION = YES;
				CLANG_WARN_INT_CONVERSION = YES;
				CLANG_WARN_OBJC_ROOT_CLASS = YES_ERROR;
				CLANG_WARN__DUPLICATE_METHOD_MATCH = YES;
				"CODE_SIGN_IDENTITY[sdk=iphoneos*]" = "iPhone Developer";
				COPY_PHASE_STRIP = NO;
				GCC_C_LANGUAGE_STANDARD = gnu99;
				GCC_DYNAMIC_NO_PIC = NO;
				GCC_OPTIMIZATION_LEVEL = 0;
				GCC_PREPROCESSOR_DEFINITIONS = (
					"DEBUG=1",
					"$(inherited)",
				);
				GCC_SYMBOLS_PRIVATE_EXTERN = NO;
				GCC_WARN_64_TO_32_BIT_CONVERSION = YES;
				GCC_WARN_ABOUT_RETURN_TYPE = YES_ERROR;
				GCC_WARN_UNDECLARED_SELECTOR = YES;
				GCC_WARN_UNINITIALIZED_AUTOS = YES_AGGRESSIVE;
				GCC_WARN_UNUSED_FUNCTION = YES;
				GCC_WARN_UNUSED_VARIABLE = YES;
				IPHONEOS_DEPLOYMENT_TARGET = 7.1;
				ONLY_ACTIVE_ARCH = YES;
				SDKROOT = iphoneos;
			};
			name = Debug;
		};
		F1FDE1D518D7806B009EBE38 /* Release */ = {
			isa = XCBuildConfiguration;
			buildSettings = {
				ALWAYS_SEARCH_USER_PATHS = NO;
				CLANG_CXX_LANGUAGE_STANDARD = "gnu++0x";
				CLANG_CXX_LIBRARY = "libc++";
				CLANG_ENABLE_MODULES = YES;
				CLANG_ENABLE_OBJC_ARC = YES;
				CLANG_WARN_BOOL_CONVERSION = YES;
				CLANG_WARN_CONSTANT_CONVERSION = YES;
				CLANG_WARN_DIRECT_OBJC_ISA_USAGE = YES_ERROR;
				CLANG_WARN_EMPTY_BODY = YES;
				CLANG_WARN_ENUM_CONVERSION = YES;
				CLANG_WARN_INT_CONVERSION = YES;
				CLANG_WARN_OBJC_ROOT_CLASS = YES_ERROR;
				CLANG_WARN__DUPLICATE_METHOD_MATCH = YES;
				"CODE_SIGN_IDENTITY[sdk=iphoneos*]" = "iPhone Developer";
				COPY_PHASE_STRIP = YES;
				ENABLE_NS_ASSERTIONS = NO;
				GCC_C_LANGUAGE_STANDARD = gnu99;
				GCC_WARN_64_TO_32_BIT_CONVERSION = YES;
				GCC_WARN_ABOUT_RETURN_TYPE = YES_ERROR;
				GCC_WARN_UNDECLARED_SELECTOR = YES;
				GCC_WARN_UNINITIALIZED_AUTOS = YES_AGGRESSIVE;
				GCC_WARN_UNUSED_FUNCTION = YES;
				GCC_WARN_UNUSED_VARIABLE = YES;
				IPHONEOS_DEPLOYMENT_TARGET = 7.1;
				SDKROOT = iphoneos;
				VALIDATE_PRODUCT = YES;
			};
			name = Release;
		};
		F1FDE1D718D7806B009EBE38 /* Debug */ = {
			isa = XCBuildConfiguration;
			baseConfigurationReference = 2A88257450D147D3B3B9CCD7 /* Pods.xcconfig */;
			buildSettings = {
				ASSETCATALOG_COMPILER_APPICON_NAME = AppIcon;
				ASSETCATALOG_COMPILER_LAUNCHIMAGE_NAME = LaunchImage;
				CODE_SIGN_IDENTITY = "iPhone Developer";
				"CODE_SIGN_IDENTITY[sdk=iphoneos*]" = "iPhone Developer";
				FRAMEWORK_SEARCH_PATHS = (
					"$(inherited)",
					"$(PROJECT_DIR)",
					"$(USER_LIBRARY_DIR)/Developer/Xcode/DerivedData/MSSPush-cvwkmtzybidpmzekxyfvoojennkm/Build/Intermediates/ArchiveIntermediates/MSSPush/IntermediateBuildFilesPath/UninstalledProducts",
				);
				GCC_PRECOMPILE_PREFIX_HEADER = YES;
				GCC_PREFIX_HEADER = "PushSample/PushSample-Prefix.pch";
				INFOPLIST_FILE = "PushSample/PushSample-Info.plist";
				IPHONEOS_DEPLOYMENT_TARGET = 6.0;
				PRODUCT_NAME = PushSample;
				PROVISIONING_PROFILE = "468b70a9-f967-494e-95a4-2f10918bc7e3";
				WRAPPER_EXTENSION = app;
			};
			name = Debug;
		};
		F1FDE1D818D7806B009EBE38 /* Release */ = {
			isa = XCBuildConfiguration;
			baseConfigurationReference = 2A88257450D147D3B3B9CCD7 /* Pods.xcconfig */;
			buildSettings = {
				ASSETCATALOG_COMPILER_APPICON_NAME = AppIcon;
				ASSETCATALOG_COMPILER_LAUNCHIMAGE_NAME = LaunchImage;
				CODE_SIGN_IDENTITY = "iPhone Developer";
				"CODE_SIGN_IDENTITY[sdk=iphoneos*]" = "iPhone Developer";
				FRAMEWORK_SEARCH_PATHS = (
					"$(inherited)",
					"$(PROJECT_DIR)",
					"$(USER_LIBRARY_DIR)/Developer/Xcode/DerivedData/MSSPush-cvwkmtzybidpmzekxyfvoojennkm/Build/Intermediates/ArchiveIntermediates/MSSPush/IntermediateBuildFilesPath/UninstalledProducts",
				);
				GCC_PRECOMPILE_PREFIX_HEADER = YES;
				GCC_PREFIX_HEADER = "PushSample/PushSample-Prefix.pch";
				INFOPLIST_FILE = "PushSample/PushSample-Info.plist";
				IPHONEOS_DEPLOYMENT_TARGET = 6.0;
				PRODUCT_NAME = PushSample;
				PROVISIONING_PROFILE = "468b70a9-f967-494e-95a4-2f10918bc7e3";
				WRAPPER_EXTENSION = app;
			};
			name = Release;
		};
/* End XCBuildConfiguration section */

/* Begin XCConfigurationList section */
		F1FDE19F18D7806B009EBE38 /* Build configuration list for PBXProject "PushSample" */ = {
			isa = XCConfigurationList;
			buildConfigurations = (
				F1FDE1D418D7806B009EBE38 /* Debug */,
				F1FDE1D518D7806B009EBE38 /* Release */,
			);
			defaultConfigurationIsVisible = 0;
			defaultConfigurationName = Release;
		};
		F1FDE1D618D7806B009EBE38 /* Build configuration list for PBXNativeTarget "PushSample" */ = {
			isa = XCConfigurationList;
			buildConfigurations = (
				F1FDE1D718D7806B009EBE38 /* Debug */,
				F1FDE1D818D7806B009EBE38 /* Release */,
			);
			defaultConfigurationIsVisible = 0;
			defaultConfigurationName = Release;
		};
/* End XCConfigurationList section */
	};
	rootObject = F1FDE19C18D7806B009EBE38 /* Project object */;
}
